
Microsoft Visual Studio Solution File, Format Version 12.00
Project("{FAE04EC0-301F-11D3-BF4B-00C04F79EFBC}") = "Console", "21_12\Console.csproj", "{B0F17536-027B-4DBC-BA4D-F0F338317DA1}"
EndProject
Project("{FAE04EC0-301F-11D3-BF4B-00C04F79EFBC}") = "Tests", "Tests\Tests.csproj", "{1E448F2D-0706-45E4-9D9D-CD539D9A8FEA}"
EndProject
Global
	GlobalSection(SolutionConfigurationPlatforms) = preSolution
		Debug|Any CPU = Debug|Any CPU
		Release|Any CPU = Release|Any CPU
	EndGlobalSection
	GlobalSection(ProjectConfigurationPlatforms) = postSolution
		{B0F17536-027B-4DBC-BA4D-F0F338317DA1}.Debug|Any CPU.ActiveCfg = Debug|Any CPU
		{B0F17536-027B-4DBC-BA4D-F0F338317DA1}.Debug|Any CPU.Build.0 = Debug|Any CPU
		{B0F17536-027B-4DBC-BA4D-F0F338317DA1}.Release|Any CPU.ActiveCfg = Release|Any CPU
		{B0F17536-027B-4DBC-BA4D-F0F338317DA1}.Release|Any CPU.Build.0 = Release|Any CPU
		{1E448F2D-0706-45E4-9D9D-CD539D9A8FEA}.Debug|Any CPU.ActiveCfg = Debug|Any CPU
		{1E448F2D-0706-45E4-9D9D-CD539D9A8FEA}.Debug|Any CPU.Build.0 = Debug|Any CPU
		{1E448F2D-0706-45E4-9D9D-CD539D9A8FEA}.Release|Any CPU.ActiveCfg = Release|Any CPU
		{1E448F2D-0706-45E4-9D9D-CD539D9A8FEA}.Release|Any CPU.Build.0 = Release|Any CPU
	EndGlobalSection
EndGlobal
